
Microsoft Visual Studio Solution File, Format Version 12.00
# Visual Studio Version 17
VisualStudioVersion = 17.5.2.0
MinimumVisualStudioVersion = 10.0.40219.1
Project("{FAE04EC0-301F-11D3-BF4B-00C04F79EFBC}") = "OpenBroadcaster.Tests", "OpenBroadcaster.Tests\OpenBroadcaster.Tests.csproj", "{D20278F9-8907-FF8A-77AC-1C08318275D8}"
EndProject
Project("{FAE04EC0-301F-11D3-BF4B-00C04F79EFBC}") = "OpenBroadcaster.RelayService", "OpenBroadcaster.RelayService\OpenBroadcaster.RelayService.csproj", "{A7B8C9D0-E1F2-3456-7890-ABCDEF123456}"
EndProject
Project("{FAE04EC0-301F-11D3-BF4B-00C04F79EFBC}") = "OpenBroadcaster.Avalonia", "OpenBroadcaster.Avalonia\OpenBroadcaster.Avalonia.csproj", "{FA6415FA-02E2-4574-8C0C-25482B7A52C5}"
EndProject
Project("{FAE04EC0-301F-11D3-BF4B-00C04F79EFBC}") = "OpenBroadcaster.Core", "OpenBroadcaster.Core\OpenBroadcaster.Core.csproj", "{77CAB6AB-F277-48B7-ADEF-C0B489BBB49C}"
EndProject
Global
	GlobalSection(SolutionConfigurationPlatforms) = preSolution
		Debug|Any CPU = Debug|Any CPU
		Debug|x64 = Debug|x64
		Debug|x86 = Debug|x86
		Release|Any CPU = Release|Any CPU
		Release|x64 = Release|x64
		Release|x86 = Release|x86
	EndGlobalSection
	GlobalSection(ProjectConfigurationPlatforms) = postSolution
		{D20278F9-8907-FF8A-77AC-1C08318275D8}.Debug|Any CPU.ActiveCfg = Debug|Any CPU
		{D20278F9-8907-FF8A-77AC-1C08318275D8}.Debug|Any CPU.Build.0 = Debug|Any CPU
		{D20278F9-8907-FF8A-77AC-1C08318275D8}.Debug|x64.ActiveCfg = Debug|Any CPU
		{D20278F9-8907-FF8A-77AC-1C08318275D8}.Debug|x64.Build.0 = Debug|Any CPU
		{D20278F9-8907-FF8A-77AC-1C08318275D8}.Debug|x86.ActiveCfg = Debug|Any CPU
		{D20278F9-8907-FF8A-77AC-1C08318275D8}.Debug|x86.Build.0 = Debug|Any CPU
		{D20278F9-8907-FF8A-77AC-1C08318275D8}.Release|Any CPU.ActiveCfg = Release|Any CPU
		{D20278F9-8907-FF8A-77AC-1C08318275D8}.Release|Any CPU.Build.0 = Release|Any CPU
		{D20278F9-8907-FF8A-77AC-1C08318275D8}.Release|x64.ActiveCfg = Release|Any CPU
		{D20278F9-8907-FF8A-77AC-1C08318275D8}.Release|x64.Build.0 = Release|Any CPU
		{D20278F9-8907-FF8A-77AC-1C08318275D8}.Release|x86.ActiveCfg = Release|Any CPU
		{D20278F9-8907-FF8A-77AC-1C08318275D8}.Release|x86.Build.0 = Release|Any CPU
		{A7B8C9D0-E1F2-3456-7890-ABCDEF123456}.Debug|Any CPU.ActiveCfg = Debug|Any CPU
		{A7B8C9D0-E1F2-3456-7890-ABCDEF123456}.Debug|Any CPU.Build.0 = Debug|Any CPU
		{A7B8C9D0-E1F2-3456-7890-ABCDEF123456}.Debug|x64.ActiveCfg = Debug|Any CPU
		{A7B8C9D0-E1F2-3456-7890-ABCDEF123456}.Debug|x64.Build.0 = Debug|Any CPU
		{A7B8C9D0-E1F2-3456-7890-ABCDEF123456}.Debug|x86.ActiveCfg = Debug|Any CPU
		{A7B8C9D0-E1F2-3456-7890-ABCDEF123456}.Debug|x86.Build.0 = Debug|Any CPU
		{A7B8C9D0-E1F2-3456-7890-ABCDEF123456}.Release|Any CPU.ActiveCfg = Release|Any CPU
		{A7B8C9D0-E1F2-3456-7890-ABCDEF123456}.Release|Any CPU.Build.0 = Release|Any CPU
		{A7B8C9D0-E1F2-3456-7890-ABCDEF123456}.Release|x64.ActiveCfg = Release|Any CPU
		{A7B8C9D0-E1F2-3456-7890-ABCDEF123456}.Release|x64.Build.0 = Release|Any CPU
		{A7B8C9D0-E1F2-3456-7890-ABCDEF123456}.Release|x86.ActiveCfg = Release|Any CPU
		{A7B8C9D0-E1F2-3456-7890-ABCDEF123456}.Release|x86.Build.0 = Release|Any CPU
		{FA6415FA-02E2-4574-8C0C-25482B7A52C5}.Debug|Any CPU.ActiveCfg = Debug|Any CPU
		{FA6415FA-02E2-4574-8C0C-25482B7A52C5}.Debug|Any CPU.Build.0 = Debug|Any CPU
		{FA6415FA-02E2-4574-8C0C-25482B7A52C5}.Debug|x64.ActiveCfg = Debug|Any CPU
		{FA6415FA-02E2-4574-8C0C-25482B7A52C5}.Debug|x64.Build.0 = Debug|Any CPU
		{FA6415FA-02E2-4574-8C0C-25482B7A52C5}.Debug|x86.ActiveCfg = Debug|Any CPU
		{FA6415FA-02E2-4574-8C0C-25482B7A52C5}.Debug|x86.Build.0 = Debug|Any CPU
		{FA6415FA-02E2-4574-8C0C-25482B7A52C5}.Release|Any CPU.ActiveCfg = Release|Any CPU
		{FA6415FA-02E2-4574-8C0C-25482B7A52C5}.Release|Any CPU.Build.0 = Release|Any CPU
		{FA6415FA-02E2-4574-8C0C-25482B7A52C5}.Release|x64.ActiveCfg = Release|Any CPU
		{FA6415FA-02E2-4574-8C0C-25482B7A52C5}.Release|x64.Build.0 = Release|Any CPU
		{FA6415FA-02E2-4574-8C0C-25482B7A52C5}.Release|x86.ActiveCfg = Release|Any CPU
		{FA6415FA-02E2-4574-8C0C-25482B7A52C5}.Release|x86.Build.0 = Release|Any CPU
		{77CAB6AB-F277-48B7-ADEF-C0B489BBB49C}.Debug|Any CPU.ActiveCfg = Debug|Any CPU
		{77CAB6AB-F277-48B7-ADEF-C0B489BBB49C}.Debug|Any CPU.Build.0 = Debug|Any CPU
		{77CAB6AB-F277-48B7-ADEF-C0B489BBB49C}.Debug|x64.ActiveCfg = Debug|Any CPU
		{77CAB6AB-F277-48B7-ADEF-C0B489BBB49C}.Debug|x64.Build.0 = Debug|Any CPU
		{77CAB6AB-F277-48B7-ADEF-C0B489BBB49C}.Debug|x86.ActiveCfg = Debug|Any CPU
		{77CAB6AB-F277-48B7-ADEF-C0B489BBB49C}.Debug|x86.Build.0 = Debug|Any CPU
		{77CAB6AB-F277-48B7-ADEF-C0B489BBB49C}.Release|Any CPU.ActiveCfg = Release|Any CPU
		{77CAB6AB-F277-48B7-ADEF-C0B489BBB49C}.Release|Any CPU.Build.0 = Release|Any CPU
		{77CAB6AB-F277-48B7-ADEF-C0B489BBB49C}.Release|x64.ActiveCfg = Release|Any CPU
		{77CAB6AB-F277-48B7-ADEF-C0B489BBB49C}.Release|x64.Build.0 = Release|Any CPU
		{77CAB6AB-F277-48B7-ADEF-C0B489BBB49C}.Release|x86.ActiveCfg = Release|Any CPU
		{77CAB6AB-F277-48B7-ADEF-C0B489BBB49C}.Release|x86.Build.0 = Release|Any CPU
	EndGlobalSection
	GlobalSection(SolutionProperties) = preSolution
		HideSolutionNode = FALSE
	EndGlobalSection
	GlobalSection(ExtensibilityGlobals) = postSolution
		SolutionGuid = {D1AC2110-7946-4B8F-9C28-132EB8DF94A8}
	EndGlobalSection
EndGlobal
